{
  "requires": true,
  "lockfileVersion": 1,
  "dependencies": {
    "complex.js": {
      "version": "2.0.11",
      "resolved": "http://screpo1.mul.ie.ibm.com:80/api/npm/smartercare-npm-release/complex.js/-/complex.js-2.0.11.tgz",
      "integrity": "sha1-Cahz+/Ff/YwYycIgHM70JcMri/E=",
      "dev": true
    },
    "dcl": {
      "version": "2.0.8",
      "resolved": "http://screpo1.mul.ie.ibm.com:80/api/npm/smartercare-npm-release/dcl/-/dcl-2.0.8.tgz",
      "integrity": "sha1-W5lYmz4HykBLoNP0rMl4UedID7k="
    },
    "decimal.js": {
      "version": "10.2.0",
      "resolved": "http://screpo1.mul.ie.ibm.com:80/api/npm/smartercare-npm-release/decimal.js/-/decimal.js-10.2.0.tgz",
      "integrity": "sha1-OUZhE6ngNhEdAvgkibX9awte0jE=",
      "dev": true
    },
    "escape-latex": {
      "version": "1.2.0",
      "resolved": "http://screpo1.mul.ie.ibm.com:80/api/npm/smartercare-npm-release/escape-latex/-/escape-latex-1.2.0.tgz",
      "integrity": "sha1-B8A4GM99rCUMzlF/T9obAB7yvKE=",
      "dev": true
    },
    "fraction.js": {
      "version": "4.0.12",
      "resolved": "http://screpo1.mul.ie.ibm.com:80/api/npm/smartercare-npm-release/fraction.js/-/fraction.js-4.0.12.tgz",
      "integrity": "sha1-BSbUfGWl+0hU33i8d/e+xwjXuMM=",
      "dev": true
    },
    "javascript-natural-sort": {
      "version": "0.7.1",
      "resolved": "http://screpo1.mul.ie.ibm.com:80/api/npm/smartercare-npm-release/javascript-natural-sort/-/javascript-natural-sort-0.7.1.tgz",
      "integrity": "sha1-+eIwPUUH9tdDVac2ZNFED7Wg71k=",
      "dev": true
    },
    "mathjs": {
      "version": "6.2.3",
      "resolved": "http://screpo1.mul.ie.ibm.com:80/api/npm/smartercare-npm-release/mathjs/-/mathjs-6.2.3.tgz",
      "integrity": "sha1-rwx5m6N3wVZL7nSuiLwafRqW/Ww=",
      "dev": true,
      "requires": {
        "complex.js": "2.0.11",
        "decimal.js": "10.2.0",
        "escape-latex": "1.2.0",
        "fraction.js": "4.0.12",
        "javascript-natural-sort": "0.7.1",
        "seed-random": "2.2.0",
        "tiny-emitter": "2.1.0",
        "typed-function": "1.1.1"
      }
    },
    "seed-random": {
      "version": "2.2.0",
      "resolved": "http://screpo1.mul.ie.ibm.com:80/api/npm/smartercare-npm-release/seed-random/-/seed-random-2.2.0.tgz",
      "integrity": "sha1-KpsZ4lCoFwmSMaW5mk2vgLf77VQ=",
      "dev": true
    },
    "tiny-emitter": {
      "version": "2.1.0",
      "resolved": "http://screpo1.mul.ie.ibm.com:80/api/npm/smartercare-npm-release/tiny-emitter/-/tiny-emitter-2.1.0.tgz",
      "integrity": "sha1-HRpW7fxRxD6GPLtTgqcjMONVVCM=",
      "dev": true
    },
    "typed-function": {
      "version": "1.1.1",
      "resolved": "http://screpo1.mul.ie.ibm.com:80/api/npm/smartercare-npm-release/typed-function/-/typed-function-1.1.1.tgz",
      "integrity": "sha1-oTFhh+w2KMniGbkcqWkYZgoQE44=",
      "dev": true
    }
  }
}
